{
  "object": {
    "pins": [
      {
        "package": "Swift-General-Utility",
        "repositoryURL": "https://github.com/erica/Swift-General-Utility",
        "state": {
          "branch": null,
          "revision": "90100fff38dea3e9f5eb25a3abb837ccca0120c8",
          "version": "0.0.8"
        }
      },
      {
        "package": "SwiftMiscUtility",
        "repositoryURL": "https://github.com/erica/Swift-Misc-Utility",
        "state": {
          "branch": null,
          "revision": "6b9e52306d2ce932a840a266eca396112199178a",
          "version": "0.0.0"
        }
      }
    ]
  },
  "version": 1
}
