{
  "object": {
    "pins": [
      {
        "package": "Swift-General-Utility",
        "repositoryURL": "https://github.com/erica/Swift-General-Utility",
        "state": {
          "branch": null,
          "revision": "07fd8dc71686f805018685635208dfac862da672",
          "version": "0.0.6"
        }
      }
    ]
  },
  "version": 1
}
