// !$*UTF8*$!
{
	archiveVersion = 1;
	classes = {
	};
	objectVersion = 52;
	objects = {

/* Begin PBXBuildFile section */
		8E62D33A24AB8951003F5864 /* String+Utility.swift in Sources */ = {isa = PBXBuildFile; fileRef = 8E62D33624AB8951003F5864 /* String+Utility.swift */; };
		8E62D33B24AB8951003F5864 /* FileManager+Utility.swift in Sources */ = {isa = PBXBuildFile; fileRef = 8E62D33724AB8951003F5864 /* FileManager+Utility.swift */; };
		8E62D33C24AB8951003F5864 /* URL.swift in Sources */ = {isa = PBXBuildFile; fileRef = 8E62D33824AB8951003F5864 /* URL.swift */; };
		8E62D33D24AB8951003F5864 /* Execute.swift in Sources */ = {isa = PBXBuildFile; fileRef = 8E62D33924AB8951003F5864 /* Execute.swift */; };
		8E62D34024AB8983003F5864 /* GeneralUtility in Frameworks */ = {isa = PBXBuildFile; productRef = 8E62D33F24AB8983003F5864 /* GeneralUtility */; };
		8E88237024AB824F0025035B /* main.swift in Sources */ = {isa = PBXBuildFile; fileRef = 8E88236F24AB824F0025035B /* main.swift */; };
/* End PBXBuildFile section */

/* Begin PBXCopyFilesBuildPhase section */
		8E88236A24AB824F0025035B /* CopyFiles */ = {
			isa = PBXCopyFilesBuildPhase;
			buildActionMask = 2147483647;
			dstPath = /usr/share/man/man1/;
			dstSubfolderSpec = 0;
			files = (
			);
			runOnlyForDeploymentPostprocessing = 1;
		};
/* End PBXCopyFilesBuildPhase section */

/* Begin PBXFileReference section */
		8E62D33624AB8951003F5864 /* String+Utility.swift */ = {isa = PBXFileReference; fileEncoding = 4; lastKnownFileType = sourcecode.swift; path = "String+Utility.swift"; sourceTree = "<group>"; };
		8E62D33724AB8951003F5864 /* FileManager+Utility.swift */ = {isa = PBXFileReference; fileEncoding = 4; lastKnownFileType = sourcecode.swift; path = "FileManager+Utility.swift"; sourceTree = "<group>"; };
		8E62D33824AB8951003F5864 /* URL.swift */ = {isa = PBXFileReference; fileEncoding = 4; lastKnownFileType = sourcecode.swift; path = URL.swift; sourceTree = "<group>"; };
		8E62D33924AB8951003F5864 /* Execute.swift */ = {isa = PBXFileReference; fileEncoding = 4; lastKnownFileType = sourcecode.swift; path = Execute.swift; sourceTree = "<group>"; };
		8E88236C24AB824F0025035B /* Mac Utility */ = {isa = PBXFileReference; explicitFileType = "compiled.mach-o.executable"; includeInIndex = 0; path = "Mac Utility"; sourceTree = BUILT_PRODUCTS_DIR; };
		8E88236F24AB824F0025035B /* main.swift */ = {isa = PBXFileReference; lastKnownFileType = sourcecode.swift; path = main.swift; sourceTree = "<group>"; };
/* End PBXFileReference section */

/* Begin PBXFrameworksBuildPhase section */
		8E88236924AB824F0025035B /* Frameworks */ = {
			isa = PBXFrameworksBuildPhase;
			buildActionMask = 2147483647;
			files = (
				8E62D34024AB8983003F5864 /* GeneralUtility in Frameworks */,
			);
			runOnlyForDeploymentPostprocessing = 0;
		};
/* End PBXFrameworksBuildPhase section */

/* Begin PBXGroup section */
		8E88236324AB824F0025035B = {
			isa = PBXGroup;
			children = (
				8E88236E24AB824F0025035B /* Mac Utility */,
				8E88236D24AB824F0025035B /* Products */,
			);
			sourceTree = "<group>";
		};
		8E88236D24AB824F0025035B /* Products */ = {
			isa = PBXGroup;
			children = (
				8E88236C24AB824F0025035B /* Mac Utility */,
			);
			name = Products;
			sourceTree = "<group>";
		};
		8E88236E24AB824F0025035B /* Mac Utility */ = {
			isa = PBXGroup;
			children = (
				8E88236F24AB824F0025035B /* main.swift */,
				8E88237624AB857B0025035B /* Sources */,
			);
			path = "Mac Utility";
			sourceTree = "<group>";
		};
		8E88237624AB857B0025035B /* Sources */ = {
			isa = PBXGroup;
			children = (
				8E62D33924AB8951003F5864 /* Execute.swift */,
				8E62D33724AB8951003F5864 /* FileManager+Utility.swift */,
				8E62D33624AB8951003F5864 /* String+Utility.swift */,
				8E62D33824AB8951003F5864 /* URL.swift */,
			);
			path = Sources;
			sourceTree = SOURCE_ROOT;
		};
/* End PBXGroup section */

/* Begin PBXNativeTarget section */
		8E88236B24AB824F0025035B /* Mac Utility */ = {
			isa = PBXNativeTarget;
			buildConfigurationList = 8E88237324AB824F0025035B /* Build configuration list for PBXNativeTarget "Mac Utility" */;
			buildPhases = (
				8E88236824AB824F0025035B /* Sources */,
				8E88236924AB824F0025035B /* Frameworks */,
				8E88236A24AB824F0025035B /* CopyFiles */,
			);
			buildRules = (
			);
			dependencies = (
			);
			name = "Mac Utility";
			packageProductDependencies = (
				8E62D33F24AB8983003F5864 /* GeneralUtility */,
			);
			productName = "Mac Utility";
			productReference = 8E88236C24AB824F0025035B /* Mac Utility */;
			productType = "com.apple.product-type.tool";
		};
/* End PBXNativeTarget section */

/* Begin PBXProject section */
		8E88236424AB824F0025035B /* Project object */ = {
			isa = PBXProject;
			attributes = {
				LastSwiftUpdateCheck = 1200;
				LastUpgradeCheck = 1200;
				TargetAttributes = {
					8E88236B24AB824F0025035B = {
						CreatedOnToolsVersion = 12.0;
					};
				};
			};
			buildConfigurationList = 8E88236724AB824F0025035B /* Build configuration list for PBXProject "Mac Utility" */;
			compatibilityVersion = "Xcode 9.3";
			developmentRegion = en;
			hasScannedForEncodings = 0;
			knownRegions = (
				en,
				Base,
			);
			mainGroup = 8E88236324AB824F0025035B;
			packageReferences = (
				8E62D33E24AB8983003F5864 /* XCRemoteSwiftPackageReference "Swift-General-Utility" */,
			);
			productRefGroup = 8E88236D24AB824F0025035B /* Products */;
			projectDirPath = "";
			projectRoot = "";
			targets = (
				8E88236B24AB824F0025035B /* Mac Utility */,
			);
		};
/* End PBXProject section */

/* Begin PBXSourcesBuildPhase section */
		8E88236824AB824F0025035B /* Sources */ = {
			isa = PBXSourcesBuildPhase;
			buildActionMask = 2147483647;
			files = (
				8E88237024AB824F0025035B /* main.swift in Sources */,
				8E62D33A24AB8951003F5864 /* String+Utility.swift in Sources */,
				8E62D33B24AB8951003F5864 /* FileManager+Utility.swift in Sources */,
				8E62D33D24AB8951003F5864 /* Execute.swift in Sources */,
				8E62D33C24AB8951003F5864 /* URL.swift in Sources */,
			);
			runOnlyForDeploymentPostprocessing = 0;
		};
/* End PBXSourcesBuildPhase section */

/* Begin XCBuildConfiguration section */
		8E88237124AB824F0025035B /* Debug */ = {
			isa = XCBuildConfiguration;
			buildSettings = {
				ALWAYS_SEARCH_USER_PATHS = NO;
				CLANG_ANALYZER_NONNULL = YES;
				CLANG_ANALYZER_NUMBER_OBJECT_CONVERSION = YES_AGGRESSIVE;
				CLANG_CXX_LANGUAGE_STANDARD = "gnu++14";
				CLANG_CXX_LIBRARY = "libc++";
				CLANG_ENABLE_MODULES = YES;
				CLANG_ENABLE_OBJC_ARC = YES;
				CLANG_ENABLE_OBJC_WEAK = YES;
				CLANG_WARN_BLOCK_CAPTURE_AUTORELEASING = YES;
				CLANG_WARN_BOOL_CONVERSION = YES;
				CLANG_WARN_COMMA = YES;
				CLANG_WARN_CONSTANT_CONVERSION = YES;
				CLANG_WARN_DEPRECATED_OBJC_IMPLEMENTATIONS = YES;
				CLANG_WARN_DIRECT_OBJC_ISA_USAGE = YES_ERROR;
				CLANG_WARN_DOCUMENTATION_COMMENTS = YES;
				CLANG_WARN_EMPTY_BODY = YES;
				CLANG_WARN_ENUM_CONVERSION = YES;
				CLANG_WARN_INFINITE_RECURSION = YES;
				CLANG_WARN_INT_CONVERSION = YES;
				CLANG_WARN_NON_LITERAL_NULL_CONVERSION = YES;
				CLANG_WARN_OBJC_IMPLICIT_RETAIN_SELF = YES;
				CLANG_WARN_OBJC_LITERAL_CONVERSION = YES;
				CLANG_WARN_OBJC_ROOT_CLASS = YES_ERROR;
				CLANG_WARN_QUOTED_INCLUDE_IN_FRAMEWORK_HEADER = YES;
				CLANG_WARN_RANGE_LOOP_ANALYSIS = YES;
				CLANG_WARN_STRICT_PROTOTYPES = YES;
				CLANG_WARN_SUSPICIOUS_MOVE = YES;
				CLANG_WARN_UNGUARDED_AVAILABILITY = YES_AGGRESSIVE;
				CLANG_WARN_UNREACHABLE_CODE = YES;
				CLANG_WARN__DUPLICATE_METHOD_MATCH = YES;
				COPY_PHASE_STRIP = NO;
				DEBUG_INFORMATION_FORMAT = dwarf;
				ENABLE_STRICT_OBJC_MSGSEND = YES;
				ENABLE_TESTABILITY = YES;
				GCC_C_LANGUAGE_STANDARD = gnu11;
				GCC_DYNAMIC_NO_PIC = NO;
				GCC_NO_COMMON_BLOCKS = YES;
				GCC_OPTIMIZATION_LEVEL = 0;
				GCC_PREPROCESSOR_DEFINITIONS = (
					"DEBUG=1",
					"$(inherited)",
				);
				GCC_WARN_64_TO_32_BIT_CONVERSION = YES;
				GCC_WARN_ABOUT_RETURN_TYPE = YES_ERROR;
				GCC_WARN_UNDECLARED_SELECTOR = YES;
				GCC_WARN_UNINITIALIZED_AUTOS = YES_AGGRESSIVE;
				GCC_WARN_UNUSED_FUNCTION = YES;
				GCC_WARN_UNUSED_VARIABLE = YES;
				MACOSX_DEPLOYMENT_TARGET = 10.16;
				MTL_ENABLE_DEBUG_INFO = INCLUDE_SOURCE;
				MTL_FAST_MATH = YES;
				ONLY_ACTIVE_ARCH = YES;
				SDKROOT = macosx;
				SWIFT_ACTIVE_COMPILATION_CONDITIONS = DEBUG;
				SWIFT_OPTIMIZATION_LEVEL = "-Onone";
			};
			name = Debug;
		};
		8E88237224AB824F0025035B /* Release */ = {
			isa = XCBuildConfiguration;
			buildSettings = {
				ALWAYS_SEARCH_USER_PATHS = NO;
				CLANG_ANALYZER_NONNULL = YES;
				CLANG_ANALYZER_NUMBER_OBJECT_CONVERSION = YES_AGGRESSIVE;
				CLANG_CXX_LANGUAGE_STANDARD = "gnu++14";
				CLANG_CXX_LIBRARY = "libc++";
				CLANG_ENABLE_MODULES = YES;
				CLANG_ENABLE_OBJC_ARC = YES;
				CLANG_ENABLE_OBJC_WEAK = YES;
				CLANG_WARN_BLOCK_CAPTURE_AUTORELEASING = YES;
				CLANG_WARN_BOOL_CONVERSION = YES;
				CLANG_WARN_COMMA = YES;
				CLANG_WARN_CONSTANT_CONVERSION = YES;
				CLANG_WARN_DEPRECATED_OBJC_IMPLEMENTATIONS = YES;
				CLANG_WARN_DIRECT_OBJC_ISA_USAGE = YES_ERROR;
				CLANG_WARN_DOCUMENTATION_COMMENTS = YES;
				CLANG_WARN_EMPTY_BODY = YES;
				CLANG_WARN_ENUM_CONVERSION = YES;
				CLANG_WARN_INFINITE_RECURSION = YES;
				CLANG_WARN_INT_CONVERSION = YES;
				CLANG_WARN_NON_LITERAL_NULL_CONVERSION = YES;
				CLANG_WARN_OBJC_IMPLICIT_RETAIN_SELF = YES;
				CLANG_WARN_OBJC_LITERAL_CONVERSION = YES;
				CLANG_WARN_OBJC_ROOT_CLASS = YES_ERROR;
				CLANG_WARN_QUOTED_INCLUDE_IN_FRAMEWORK_HEADER = YES;
				CLANG_WARN_RANGE_LOOP_ANALYSIS = YES;
				CLANG_WARN_STRICT_PROTOTYPES = YES;
				CLANG_WARN_SUSPICIOUS_MOVE = YES;
				CLANG_WARN_UNGUARDED_AVAILABILITY = YES_AGGRESSIVE;
				CLANG_WARN_UNREACHABLE_CODE = YES;
				CLANG_WARN__DUPLICATE_METHOD_MATCH = YES;
				COPY_PHASE_STRIP = NO;
				DEBUG_INFORMATION_FORMAT = "dwarf-with-dsym";
				ENABLE_NS_ASSERTIONS = NO;
				ENABLE_STRICT_OBJC_MSGSEND = YES;
				GCC_C_LANGUAGE_STANDARD = gnu11;
				GCC_NO_COMMON_BLOCKS = YES;
				GCC_WARN_64_TO_32_BIT_CONVERSION = YES;
				GCC_WARN_ABOUT_RETURN_TYPE = YES_ERROR;
				GCC_WARN_UNDECLARED_SELECTOR = YES;
				GCC_WARN_UNINITIALIZED_AUTOS = YES_AGGRESSIVE;
				GCC_WARN_UNUSED_FUNCTION = YES;
				GCC_WARN_UNUSED_VARIABLE = YES;
				MACOSX_DEPLOYMENT_TARGET = 10.16;
				MTL_ENABLE_DEBUG_INFO = NO;
				MTL_FAST_MATH = YES;
				SDKROOT = macosx;
				SWIFT_COMPILATION_MODE = wholemodule;
				SWIFT_OPTIMIZATION_LEVEL = "-O";
			};
			name = Release;
		};
		8E88237424AB824F0025035B /* Debug */ = {
			isa = XCBuildConfiguration;
			buildSettings = {
				CODE_SIGN_STYLE = Automatic;
				DEVELOPMENT_TEAM = 2W4DVPEQ39;
				ENABLE_HARDENED_RUNTIME = YES;
				PRODUCT_NAME = "$(TARGET_NAME)";
				SWIFT_VERSION = 5.0;
			};
			name = Debug;
		};
		8E88237524AB824F0025035B /* Release */ = {
			isa = XCBuildConfiguration;
			buildSettings = {
				CODE_SIGN_STYLE = Automatic;
				DEVELOPMENT_TEAM = 2W4DVPEQ39;
				ENABLE_HARDENED_RUNTIME = YES;
				PRODUCT_NAME = "$(TARGET_NAME)";
				SWIFT_VERSION = 5.0;
			};
			name = Release;
		};
/* End XCBuildConfiguration section */

/* Begin XCConfigurationList section */
		8E88236724AB824F0025035B /* Build configuration list for PBXProject "Mac Utility" */ = {
			isa = XCConfigurationList;
			buildConfigurations = (
				8E88237124AB824F0025035B /* Debug */,
				8E88237224AB824F0025035B /* Release */,
			);
			defaultConfigurationIsVisible = 0;
			defaultConfigurationName = Release;
		};
		8E88237324AB824F0025035B /* Build configuration list for PBXNativeTarget "Mac Utility" */ = {
			isa = XCConfigurationList;
			buildConfigurations = (
				8E88237424AB824F0025035B /* Debug */,
				8E88237524AB824F0025035B /* Release */,
			);
			defaultConfigurationIsVisible = 0;
			defaultConfigurationName = Release;
		};
/* End XCConfigurationList section */

/* Begin XCRemoteSwiftPackageReference section */
		8E62D33E24AB8983003F5864 /* XCRemoteSwiftPackageReference "Swift-General-Utility" */ = {
			isa = XCRemoteSwiftPackageReference;
			repositoryURL = "https://github.com/erica/Swift-General-Utility.git";
			requirement = {
				kind = upToNextMajorVersion;
				minimumVersion = 0.0.3;
			};
		};
/* End XCRemoteSwiftPackageReference section */

/* Begin XCSwiftPackageProductDependency section */
		8E62D33F24AB8983003F5864 /* GeneralUtility */ = {
			isa = XCSwiftPackageProductDependency;
			package = 8E62D33E24AB8983003F5864 /* XCRemoteSwiftPackageReference "Swift-General-Utility" */;
			productName = GeneralUtility;
		};
/* End XCSwiftPackageProductDependency section */
	};
	rootObject = 8E88236424AB824F0025035B /* Project object */;
}
